<?xml version="1.0" encoding="UTF-8"?>
<!DOCTYPE plist PUBLIC "-//Apple//DTD PLIST 1.0//EN" "http://www.apple.com/DTDs/PropertyList-1.0.dtd">
<plist version="1.0">
<dict>
	<key>archiveVersion</key>
	<string>1</string>
	<key>classes</key>
	<dict/>
	<key>objectVersion</key>
	<string>46</string>
	<key>objects</key>
	<dict>
		<key>329AC493A55D49DC898AA1EC</key>
		<dict>
			<key>buildActionMask</key>
			<string>2147483647</string>
			<key>files</key>
			<array/>
			<key>inputPaths</key>
			<array/>
			<key>isa</key>
			<string>PBXShellScriptBuildPhase</string>
			<key>name</key>
			<string>Copy Pods Resources</string>
			<key>outputPaths</key>
			<array/>
			<key>runOnlyForDeploymentPostprocessing</key>
			<string>0</string>
			<key>shellPath</key>
			<string>/bin/sh</string>
			<key>shellScript</key>
			<string>"${SRCROOT}/Pods/Pods-resources.sh"
</string>
			<key>showEnvVarsInLog</key>
			<string>0</string>
		</dict>
		<key>34FCE620703D4E5CAF293905</key>
		<dict>
			<key>fileRef</key>
			<string>C58DA2F9B54548598BAF7C19</string>
			<key>isa</key>
			<string>PBXBuildFile</string>
		</dict>
		<key>5A770334E3244F1E9E9C9CF9</key>
		<dict>
			<key>buildActionMask</key>
			<string>2147483647</string>
			<key>files</key>
			<array/>
			<key>inputPaths</key>
			<array/>
			<key>isa</key>
			<string>PBXShellScriptBuildPhase</string>
			<key>name</key>
			<string>Check Pods Manifest.lock</string>
			<key>outputPaths</key>
			<array/>
			<key>runOnlyForDeploymentPostprocessing</key>
			<string>0</string>
			<key>shellPath</key>
			<string>/bin/sh</string>
			<key>shellScript</key>
			<string>diff "${PODS_ROOT}/../Podfile.lock" "${PODS_ROOT}/Manifest.lock" &gt; /dev/null
if [[ $? != 0 ]] ; then
    cat &lt;&lt; EOM
error: The sandbox is not in sync with the Podfile.lock. Run 'pod install' or update your CocoaPods installation.
EOM
    exit 1
fi
</string>
			<key>showEnvVarsInLog</key>
			<string>0</string>
		</dict>
		<key>694A877F18F64D1D006B7AC4</key>
		<dict>
			<key>isa</key>
			<string>PBXFileReference</string>
			<key>lastKnownFileType</key>
			<string>image.png</string>
			<key>path</key>
			<string>icon_29074.png</string>
			<key>sourceTree</key>
			<string>&lt;group&gt;</string>
		</dict>
		<key>694A878018F64D1D006B7AC4</key>
		<dict>
			<key>fileRef</key>
			<string>694A877F18F64D1D006B7AC4</string>
			<key>isa</key>
			<string>PBXBuildFile</string>
		</dict>
		<key>694A878318F72F8C006B7AC4</key>
		<dict>
			<key>isa</key>
			<string>PBXFileReference</string>
			<key>lastKnownFileType</key>
			<string>image.png</string>
			<key>path</key>
			<string>Logo again 120x120.png</string>
			<key>sourceTree</key>
			<string>&lt;group&gt;</string>
		</dict>
		<key>694A878418F72F8C006B7AC4</key>
		<dict>
			<key>fileRef</key>
			<string>694A878318F72F8C006B7AC4</string>
			<key>isa</key>
			<string>PBXBuildFile</string>
		</dict>
		<key>69E39A6F18ECF9A1002FC82C</key>
		<dict>
			<key>children</key>
			<array>
				<string>69E39A8118ECF9A1002FC82C</string>
				<string>69E39AA018ECF9A2002FC82C</string>
				<string>69E39A7A18ECF9A1002FC82C</string>
				<string>69E39A7918ECF9A1002FC82C</string>
				<string>8382CF4162DC4D828F4F0516</string>
			</array>
			<key>isa</key>
			<string>PBXGroup</string>
			<key>sourceTree</key>
			<string>&lt;group&gt;</string>
		</dict>
		<key>69E39A7018ECF9A1002FC82C</key>
		<dict>
			<key>attributes</key>
			<dict>
				<key>LastUpgradeCheck</key>
				<string>0500</string>
				<key>ORGANIZATIONNAME</key>
				<string>Jay Lee</string>
				<key>TargetAttributes</key>
				<dict>
					<key>69E39A9818ECF9A2002FC82C</key>
					<dict>
						<key>TestTargetID</key>
						<string>69E39A7718ECF9A1002FC82C</string>
					</dict>
				</dict>
			</dict>
			<key>buildConfigurationList</key>
			<string>69E39A7318ECF9A1002FC82C</string>
			<key>compatibilityVersion</key>
			<string>Xcode 3.2</string>
			<key>developmentRegion</key>
			<string>English</string>
			<key>hasScannedForEncodings</key>
			<string>0</string>
			<key>isa</key>
			<string>PBXProject</string>
			<key>knownRegions</key>
			<array>
				<string>en</string>
				<string>Base</string>
			</array>
			<key>mainGroup</key>
			<string>69E39A6F18ECF9A1002FC82C</string>
			<key>productRefGroup</key>
			<string>69E39A7918ECF9A1002FC82C</string>
			<key>projectDirPath</key>
			<string></string>
			<key>projectReferences</key>
			<array/>
			<key>projectRoot</key>
			<string></string>
			<key>targets</key>
			<array>
				<string>69E39A7718ECF9A1002FC82C</string>
				<string>69E39A9818ECF9A2002FC82C</string>
			</array>
		</dict>
		<key>69E39A7318ECF9A1002FC82C</key>
		<dict>
			<key>buildConfigurations</key>
			<array>
				<string>69E39AA818ECF9A2002FC82C</string>
				<string>69E39AA918ECF9A2002FC82C</string>
			</array>
			<key>defaultConfigurationIsVisible</key>
			<string>0</string>
			<key>defaultConfigurationName</key>
			<string>Release</string>
			<key>isa</key>
			<string>XCConfigurationList</string>
		</dict>
		<key>69E39A7418ECF9A1002FC82C</key>
		<dict>
			<key>buildActionMask</key>
			<string>2147483647</string>
			<key>files</key>
			<array>
				<string>69E39A9218ECF9A1002FC82C</string>
				<string>69E39A8C18ECF9A1002FC82C</string>
				<string>69E39A8818ECF9A1002FC82C</string>
			</array>
			<key>isa</key>
			<string>PBXSourcesBuildPhase</string>
			<key>runOnlyForDeploymentPostprocessing</key>
			<string>0</string>
		</dict>
		<key>69E39A7518ECF9A1002FC82C</key>
		<dict>
			<key>buildActionMask</key>
			<string>2147483647</string>
			<key>files</key>
			<array>
				<string>69E39A7E18ECF9A1002FC82C</string>
				<string>69E39A8018ECF9A1002FC82C</string>
				<string>69E39A7C18ECF9A1002FC82C</string>
				<string>34FCE620703D4E5CAF293905</string>
			</array>
			<key>isa</key>
			<string>PBXFrameworksBuildPhase</string>
			<key>runOnlyForDeploymentPostprocessing</key>
			<string>0</string>
		</dict>
		<key>69E39A7618ECF9A1002FC82C</key>
		<dict>
			<key>buildActionMask</key>
			<string>2147483647</string>
			<key>files</key>
			<array>
				<string>694A878018F64D1D006B7AC4</string>
				<string>69E39AC118F61085002FC82C</string>
				<string>69E39ABB18F60B1B002FC82C</string>
				<string>69E39A9418ECF9A1002FC82C</string>
				<string>694A878418F72F8C006B7AC4</string>
				<string>69E39AB718F6095C002FC82C</string>
				<string>69E39ABA18F60B1B002FC82C</string>
				<string>69E39A8618ECF9A1002FC82C</string>
				<string>69E39ABF18F60F73002FC82C</string>
				<string>69E39A8F18ECF9A1002FC82C</string>
				<string>69E39AB518ED00CF002FC82C</string>
				<string>69E39AB318ECFA12002FC82C</string>
			</array>
			<key>isa</key>
			<string>PBXResourcesBuildPhase</string>
			<key>runOnlyForDeploymentPostprocessing</key>
			<string>0</string>
		</dict>
		<key>69E39A7718ECF9A1002FC82C</key>
		<dict>
			<key>buildConfigurationList</key>
			<string>69E39AAA18ECF9A2002FC82C</string>
			<key>buildPhases</key>
			<array>
				<string>5A770334E3244F1E9E9C9CF9</string>
				<string>69E39A7418ECF9A1002FC82C</string>
				<string>69E39A7518ECF9A1002FC82C</string>
				<string>69E39A7618ECF9A1002FC82C</string>
				<string>329AC493A55D49DC898AA1EC</string>
			</array>
			<key>buildRules</key>
			<array/>
			<key>dependencies</key>
			<array/>
			<key>isa</key>
			<string>PBXNativeTarget</string>
			<key>name</key>
			<string>1k</string>
			<key>productName</key>
			<string>1k</string>
			<key>productReference</key>
			<string>69E39A7818ECF9A1002FC82C</string>
			<key>productType</key>
			<string>com.apple.product-type.application</string>
		</dict>
		<key>69E39A7818ECF9A1002FC82C</key>
		<dict>
			<key>explicitFileType</key>
			<string>wrapper.application</string>
			<key>includeInIndex</key>
			<string>0</string>
			<key>isa</key>
			<string>PBXFileReference</string>
			<key>path</key>
			<string>1k.app</string>
			<key>sourceTree</key>
			<string>BUILT_PRODUCTS_DIR</string>
		</dict>
		<key>69E39A7918ECF9A1002FC82C</key>
		<dict>
			<key>children</key>
			<array>
				<string>69E39A7818ECF9A1002FC82C</string>
				<string>69E39A9918ECF9A2002FC82C</string>
			</array>
			<key>isa</key>
			<string>PBXGroup</string>
			<key>name</key>
			<string>Products</string>
			<key>sourceTree</key>
			<string>&lt;group&gt;</string>
		</dict>
		<key>69E39A7A18ECF9A1002FC82C</key>
		<dict>
			<key>children</key>
			<array>
				<string>69E39A7B18ECF9A1002FC82C</string>
				<string>69E39A7D18ECF9A1002FC82C</string>
				<string>69E39A7F18ECF9A1002FC82C</string>
				<string>69E39A9A18ECF9A2002FC82C</string>
				<string>C58DA2F9B54548598BAF7C19</string>
			</array>
			<key>isa</key>
			<string>PBXGroup</string>
			<key>name</key>
			<string>Frameworks</string>
			<key>sourceTree</key>
			<string>&lt;group&gt;</string>
		</dict>
		<key>69E39A7B18ECF9A1002FC82C</key>
		<dict>
			<key>isa</key>
			<string>PBXFileReference</string>
			<key>lastKnownFileType</key>
			<string>wrapper.framework</string>
			<key>name</key>
			<string>Foundation.framework</string>
			<key>path</key>
			<string>System/Library/Frameworks/Foundation.framework</string>
			<key>sourceTree</key>
			<string>SDKROOT</string>
		</dict>
		<key>69E39A7C18ECF9A1002FC82C</key>
		<dict>
			<key>fileRef</key>
			<string>69E39A7B18ECF9A1002FC82C</string>
			<key>isa</key>
			<string>PBXBuildFile</string>
		</dict>
		<key>69E39A7D18ECF9A1002FC82C</key>
		<dict>
			<key>isa</key>
			<string>PBXFileReference</string>
			<key>lastKnownFileType</key>
			<string>wrapper.framework</string>
			<key>name</key>
			<string>CoreGraphics.framework</string>
			<key>path</key>
			<string>System/Library/Frameworks/CoreGraphics.framework</string>
			<key>sourceTree</key>
			<string>SDKROOT</string>
		</dict>
		<key>69E39A7E18ECF9A1002FC82C</key>
		<dict>
			<key>fileRef</key>
			<string>69E39A7D18ECF9A1002FC82C</string>
			<key>isa</key>
			<string>PBXBuildFile</string>
		</dict>
		<key>69E39A7F18ECF9A1002FC82C</key>
		<dict>
			<key>isa</key>
			<string>PBXFileReference</string>
			<key>lastKnownFileType</key>
			<string>wrapper.framework</string>
			<key>name</key>
			<string>UIKit.framework</string>
			<key>path</key>
			<string>System/Library/Frameworks/UIKit.framework</string>
			<key>sourceTree</key>
			<string>SDKROOT</string>
		</dict>
		<key>69E39A8018ECF9A1002FC82C</key>
		<dict>
			<key>fileRef</key>
			<string>69E39A7F18ECF9A1002FC82C</string>
			<key>isa</key>
			<string>PBXBuildFile</string>
		</dict>
		<key>69E39A8118ECF9A1002FC82C</key>
		<dict>
			<key>children</key>
			<array>
				<string>694A878318F72F8C006B7AC4</string>
				<string>694A877F18F64D1D006B7AC4</string>
				<string>69E39AC018F61085002FC82C</string>
				<string>69E39ABE18F60F73002FC82C</string>
				<string>69E39AB818F60B1B002FC82C</string>
				<string>69E39AB918F60B1B002FC82C</string>
				<string>69E39AB618F6095C002FC82C</string>
				<string>69E39AB418ED00CF002FC82C</string>
				<string>69E39AB218ECFA12002FC82C</string>
				<string>69E39A8A18ECF9A1002FC82C</string>
				<string>69E39A8B18ECF9A1002FC82C</string>
				<string>69E39A8D18ECF9A1002FC82C</string>
				<string>69E39A9018ECF9A1002FC82C</string>
				<string>69E39A9118ECF9A1002FC82C</string>
				<string>69E39A9318ECF9A1002FC82C</string>
				<string>69E39A8218ECF9A1002FC82C</string>
			</array>
			<key>isa</key>
			<string>PBXGroup</string>
			<key>path</key>
			<string>1k</string>
			<key>sourceTree</key>
			<string>&lt;group&gt;</string>
		</dict>
		<key>69E39A8218ECF9A1002FC82C</key>
		<dict>
			<key>children</key>
			<array>
				<string>69E39A8318ECF9A1002FC82C</string>
				<string>69E39A8418ECF9A1002FC82C</string>
				<string>69E39A8718ECF9A1002FC82C</string>
				<string>69E39A8918ECF9A1002FC82C</string>
			</array>
			<key>isa</key>
			<string>PBXGroup</string>
			<key>name</key>
			<string>Supporting Files</string>
			<key>sourceTree</key>
			<string>&lt;group&gt;</string>
		</dict>
		<key>69E39A8318ECF9A1002FC82C</key>
		<dict>
			<key>isa</key>
			<string>PBXFileReference</string>
			<key>lastKnownFileType</key>
			<string>text.plist.xml</string>
			<key>path</key>
			<string>1k-Info.plist</string>
			<key>sourceTree</key>
			<string>&lt;group&gt;</string>
		</dict>
		<key>69E39A8418ECF9A1002FC82C</key>
		<dict>
			<key>children</key>
			<array>
				<string>69E39A8518ECF9A1002FC82C</string>
			</array>
			<key>isa</key>
			<string>PBXVariantGroup</string>
			<key>name</key>
			<string>InfoPlist.strings</string>
			<key>sourceTree</key>
			<string>&lt;group&gt;</string>
		</dict>
		<key>69E39A8518ECF9A1002FC82C</key>
		<dict>
			<key>isa</key>
			<string>PBXFileReference</string>
			<key>lastKnownFileType</key>
			<string>text.plist.strings</string>
			<key>name</key>
			<string>en</string>
			<key>path</key>
			<string>en.lproj/InfoPlist.strings</string>
			<key>sourceTree</key>
			<string>&lt;group&gt;</string>
		</dict>
		<key>69E39A8618ECF9A1002FC82C</key>
		<dict>
			<key>fileRef</key>
			<string>69E39A8418ECF9A1002FC82C</string>
			<key>isa</key>
			<string>PBXBuildFile</string>
		</dict>
		<key>69E39A8718ECF9A1002FC82C</key>
		<dict>
			<key>isa</key>
			<string>PBXFileReference</string>
			<key>lastKnownFileType</key>
			<string>sourcecode.c.objc</string>
			<key>path</key>
			<string>main.m</string>
			<key>sourceTree</key>
			<string>&lt;group&gt;</string>
		</dict>
		<key>69E39A8818ECF9A1002FC82C</key>
		<dict>
			<key>fileRef</key>
			<string>69E39A8718ECF9A1002FC82C</string>
			<key>isa</key>
			<string>PBXBuildFile</string>
		</dict>
		<key>69E39A8918ECF9A1002FC82C</key>
		<dict>
			<key>isa</key>
			<string>PBXFileReference</string>
			<key>lastKnownFileType</key>
			<string>sourcecode.c.h</string>
			<key>path</key>
			<string>1k-Prefix.pch</string>
			<key>sourceTree</key>
			<string>&lt;group&gt;</string>
		</dict>
		<key>69E39A8A18ECF9A1002FC82C</key>
		<dict>
			<key>isa</key>
			<string>PBXFileReference</string>
			<key>lastKnownFileType</key>
			<string>sourcecode.c.h</string>
			<key>path</key>
			<string>AppDelegate.h</string>
			<key>sourceTree</key>
			<string>&lt;group&gt;</string>
		</dict>
		<key>69E39A8B18ECF9A1002FC82C</key>
		<dict>
			<key>isa</key>
			<string>PBXFileReference</string>
			<key>lastKnownFileType</key>
			<string>sourcecode.c.objc</string>
			<key>path</key>
			<string>AppDelegate.m</string>
			<key>sourceTree</key>
			<string>&lt;group&gt;</string>
		</dict>
		<key>69E39A8C18ECF9A1002FC82C</key>
		<dict>
			<key>fileRef</key>
			<string>69E39A8B18ECF9A1002FC82C</string>
			<key>isa</key>
			<string>PBXBuildFile</string>
		</dict>
		<key>69E39A8D18ECF9A1002FC82C</key>
		<dict>
			<key>children</key>
			<array>
				<string>69E39A8E18ECF9A1002FC82C</string>
			</array>
			<key>isa</key>
			<string>PBXVariantGroup</string>
			<key>name</key>
			<string>Main.storyboard</string>
			<key>sourceTree</key>
			<string>&lt;group&gt;</string>
		</dict>
		<key>69E39A8E18ECF9A1002FC82C</key>
		<dict>
			<key>isa</key>
			<string>PBXFileReference</string>
			<key>lastKnownFileType</key>
			<string>file.storyboard</string>
			<key>name</key>
			<string>Base</string>
			<key>path</key>
			<string>Base.lproj/Main.storyboard</string>
			<key>sourceTree</key>
			<string>&lt;group&gt;</string>
		</dict>
		<key>69E39A8F18ECF9A1002FC82C</key>
		<dict>
			<key>fileRef</key>
			<string>69E39A8D18ECF9A1002FC82C</string>
			<key>isa</key>
			<string>PBXBuildFile</string>
		</dict>
		<key>69E39A9018ECF9A1002FC82C</key>
		<dict>
			<key>isa</key>
			<string>PBXFileReference</string>
			<key>lastKnownFileType</key>
			<string>sourcecode.c.h</string>
			<key>path</key>
			<string>ViewController.h</string>
			<key>sourceTree</key>
			<string>&lt;group&gt;</string>
		</dict>
		<key>69E39A9118ECF9A1002FC82C</key>
		<dict>
			<key>isa</key>
			<string>PBXFileReference</string>
			<key>lastKnownFileType</key>
			<string>sourcecode.c.objc</string>
			<key>path</key>
			<string>ViewController.m</string>
			<key>sourceTree</key>
			<string>&lt;group&gt;</string>
		</dict>
		<key>69E39A9218ECF9A1002FC82C</key>
		<dict>
			<key>fileRef</key>
			<string>69E39A9118ECF9A1002FC82C</string>
			<key>isa</key>
			<string>PBXBuildFile</string>
		</dict>
		<key>69E39A9318ECF9A1002FC82C</key>
		<dict>
			<key>isa</key>
			<string>PBXFileReference</string>
			<key>lastKnownFileType</key>
			<string>folder.assetcatalog</string>
			<key>path</key>
			<string>Images.xcassets</string>
			<key>sourceTree</key>
			<string>&lt;group&gt;</string>
		</dict>
		<key>69E39A9418ECF9A1002FC82C</key>
		<dict>
			<key>fileRef</key>
			<string>69E39A9318ECF9A1002FC82C</string>
			<key>isa</key>
			<string>PBXBuildFile</string>
		</dict>
		<key>69E39A9518ECF9A2002FC82C</key>
		<dict>
			<key>buildActionMask</key>
			<string>2147483647</string>
			<key>files</key>
			<array>
				<string>69E39AA718ECF9A2002FC82C</string>
			</array>
			<key>isa</key>
			<string>PBXSourcesBuildPhase</string>
			<key>runOnlyForDeploymentPostprocessing</key>
			<string>0</string>
		</dict>
		<key>69E39A9618ECF9A2002FC82C</key>
		<dict>
			<key>buildActionMask</key>
			<string>2147483647</string>
			<key>files</key>
			<array>
				<string>69E39A9B18ECF9A2002FC82C</string>
				<string>69E39A9D18ECF9A2002FC82C</string>
				<string>69E39A9C18ECF9A2002FC82C</string>
			</array>
			<key>isa</key>
			<string>PBXFrameworksBuildPhase</string>
			<key>runOnlyForDeploymentPostprocessing</key>
			<string>0</string>
		</dict>
		<key>69E39A9718ECF9A2002FC82C</key>
		<dict>
			<key>buildActionMask</key>
			<string>2147483647</string>
			<key>files</key>
			<array>
				<string>69E39AA518ECF9A2002FC82C</string>
			</array>
			<key>isa</key>
			<string>PBXResourcesBuildPhase</string>
			<key>runOnlyForDeploymentPostprocessing</key>
			<string>0</string>
		</dict>
		<key>69E39A9818ECF9A2002FC82C</key>
		<dict>
			<key>buildConfigurationList</key>
			<string>69E39AAD18ECF9A2002FC82C</string>
			<key>buildPhases</key>
			<array>
				<string>69E39A9518ECF9A2002FC82C</string>
				<string>69E39A9618ECF9A2002FC82C</string>
				<string>69E39A9718ECF9A2002FC82C</string>
			</array>
			<key>buildRules</key>
			<array/>
			<key>dependencies</key>
			<array>
				<string>69E39A9F18ECF9A2002FC82C</string>
			</array>
			<key>isa</key>
			<string>PBXNativeTarget</string>
			<key>name</key>
			<string>1kTests</string>
			<key>productName</key>
			<string>1kTests</string>
			<key>productReference</key>
			<string>69E39A9918ECF9A2002FC82C</string>
			<key>productType</key>
			<string>com.apple.product-type.bundle.unit-test</string>
		</dict>
		<key>69E39A9918ECF9A2002FC82C</key>
		<dict>
			<key>explicitFileType</key>
			<string>wrapper.cfbundle</string>
			<key>includeInIndex</key>
			<string>0</string>
			<key>isa</key>
			<string>PBXFileReference</string>
			<key>path</key>
			<string>1kTests.xctest</string>
			<key>sourceTree</key>
			<string>BUILT_PRODUCTS_DIR</string>
		</dict>
		<key>69E39A9A18ECF9A2002FC82C</key>
		<dict>
			<key>isa</key>
			<string>PBXFileReference</string>
			<key>lastKnownFileType</key>
			<string>wrapper.framework</string>
			<key>name</key>
			<string>XCTest.framework</string>
			<key>path</key>
			<string>Library/Frameworks/XCTest.framework</string>
			<key>sourceTree</key>
			<string>DEVELOPER_DIR</string>
		</dict>
		<key>69E39A9B18ECF9A2002FC82C</key>
		<dict>
			<key>fileRef</key>
			<string>69E39A9A18ECF9A2002FC82C</string>
			<key>isa</key>
			<string>PBXBuildFile</string>
		</dict>
		<key>69E39A9C18ECF9A2002FC82C</key>
		<dict>
			<key>fileRef</key>
			<string>69E39A7B18ECF9A1002FC82C</string>
			<key>isa</key>
			<string>PBXBuildFile</string>
		</dict>
		<key>69E39A9D18ECF9A2002FC82C</key>
		<dict>
			<key>fileRef</key>
			<string>69E39A7F18ECF9A1002FC82C</string>
			<key>isa</key>
			<string>PBXBuildFile</string>
		</dict>
		<key>69E39A9E18ECF9A2002FC82C</key>
		<dict>
			<key>containerPortal</key>
			<string>69E39A7018ECF9A1002FC82C</string>
			<key>isa</key>
			<string>PBXContainerItemProxy</string>
			<key>proxyType</key>
			<string>1</string>
			<key>remoteGlobalIDString</key>
			<string>69E39A7718ECF9A1002FC82C</string>
			<key>remoteInfo</key>
			<string>1k</string>
		</dict>
		<key>69E39A9F18ECF9A2002FC82C</key>
		<dict>
			<key>isa</key>
			<string>PBXTargetDependency</string>
			<key>target</key>
			<string>69E39A7718ECF9A1002FC82C</string>
			<key>targetProxy</key>
			<string>69E39A9E18ECF9A2002FC82C</string>
		</dict>
		<key>69E39AA018ECF9A2002FC82C</key>
		<dict>
			<key>children</key>
			<array>
				<string>69E39AA618ECF9A2002FC82C</string>
				<string>69E39AA118ECF9A2002FC82C</string>
			</array>
			<key>isa</key>
			<string>PBXGroup</string>
			<key>path</key>
			<string>1kTests</string>
			<key>sourceTree</key>
			<string>&lt;group&gt;</string>
		</dict>
		<key>69E39AA118ECF9A2002FC82C</key>
		<dict>
			<key>children</key>
			<array>
				<string>69E39AA218ECF9A2002FC82C</string>
				<string>69E39AA318ECF9A2002FC82C</string>
			</array>
			<key>isa</key>
			<string>PBXGroup</string>
			<key>name</key>
			<string>Supporting Files</string>
			<key>sourceTree</key>
			<string>&lt;group&gt;</string>
		</dict>
		<key>69E39AA218ECF9A2002FC82C</key>
		<dict>
			<key>isa</key>
			<string>PBXFileReference</string>
			<key>lastKnownFileType</key>
			<string>text.plist.xml</string>
			<key>path</key>
			<string>1kTests-Info.plist</string>
			<key>sourceTree</key>
			<string>&lt;group&gt;</string>
		</dict>
		<key>69E39AA318ECF9A2002FC82C</key>
		<dict>
			<key>children</key>
			<array>
				<string>69E39AA418ECF9A2002FC82C</string>
			</array>
			<key>isa</key>
			<string>PBXVariantGroup</string>
			<key>name</key>
			<string>InfoPlist.strings</string>
			<key>sourceTree</key>
			<string>&lt;group&gt;</string>
		</dict>
		<key>69E39AA418ECF9A2002FC82C</key>
		<dict>
			<key>isa</key>
			<string>PBXFileReference</string>
			<key>lastKnownFileType</key>
			<string>text.plist.strings</string>
			<key>name</key>
			<string>en</string>
			<key>path</key>
			<string>en.lproj/InfoPlist.strings</string>
			<key>sourceTree</key>
			<string>&lt;group&gt;</string>
		</dict>
		<key>69E39AA518ECF9A2002FC82C</key>
		<dict>
			<key>fileRef</key>
			<string>69E39AA318ECF9A2002FC82C</string>
			<key>isa</key>
			<string>PBXBuildFile</string>
		</dict>
		<key>69E39AA618ECF9A2002FC82C</key>
		<dict>
			<key>isa</key>
			<string>PBXFileReference</string>
			<key>lastKnownFileType</key>
			<string>sourcecode.c.objc</string>
			<key>path</key>
			<string>_kTests.m</string>
			<key>sourceTree</key>
			<string>&lt;group&gt;</string>
		</dict>
		<key>69E39AA718ECF9A2002FC82C</key>
		<dict>
			<key>fileRef</key>
			<string>69E39AA618ECF9A2002FC82C</string>
			<key>isa</key>
			<string>PBXBuildFile</string>
		</dict>
		<key>69E39AA818ECF9A2002FC82C</key>
		<dict>
			<key>buildSettings</key>
			<dict>
				<key>ALWAYS_SEARCH_USER_PATHS</key>
				<string>NO</string>
				<key>ARCHS</key>
				<string>$(ARCHS_STANDARD_INCLUDING_64_BIT)</string>
				<key>CLANG_CXX_LANGUAGE_STANDARD</key>
				<string>gnu++0x</string>
				<key>CLANG_CXX_LIBRARY</key>
				<string>libc++</string>
				<key>CLANG_ENABLE_MODULES</key>
				<string>YES</string>
				<key>CLANG_ENABLE_OBJC_ARC</key>
				<string>YES</string>
				<key>CLANG_WARN_BOOL_CONVERSION</key>
				<string>YES</string>
				<key>CLANG_WARN_CONSTANT_CONVERSION</key>
				<string>YES</string>
				<key>CLANG_WARN_DIRECT_OBJC_ISA_USAGE</key>
				<string>YES_ERROR</string>
				<key>CLANG_WARN_EMPTY_BODY</key>
				<string>YES</string>
				<key>CLANG_WARN_ENUM_CONVERSION</key>
				<string>YES</string>
				<key>CLANG_WARN_INT_CONVERSION</key>
				<string>YES</string>
				<key>CLANG_WARN_OBJC_ROOT_CLASS</key>
				<string>YES_ERROR</string>
				<key>CLANG_WARN__DUPLICATE_METHOD_MATCH</key>
				<string>YES</string>
				<key>CODE_SIGN_IDENTITY[sdk=iphoneos*]</key>
				<string>iPhone Developer</string>
				<key>COPY_PHASE_STRIP</key>
				<string>NO</string>
				<key>GCC_C_LANGUAGE_STANDARD</key>
				<string>gnu99</string>
				<key>GCC_DYNAMIC_NO_PIC</key>
				<string>NO</string>
				<key>GCC_OPTIMIZATION_LEVEL</key>
				<string>0</string>
				<key>GCC_PREPROCESSOR_DEFINITIONS</key>
				<array>
					<string>DEBUG=1</string>
					<string>$(inherited)</string>
				</array>
				<key>GCC_SYMBOLS_PRIVATE_EXTERN</key>
				<string>NO</string>
				<key>GCC_WARN_64_TO_32_BIT_CONVERSION</key>
				<string>YES</string>
				<key>GCC_WARN_ABOUT_RETURN_TYPE</key>
				<string>YES_ERROR</string>
				<key>GCC_WARN_UNDECLARED_SELECTOR</key>
				<string>YES</string>
				<key>GCC_WARN_UNINITIALIZED_AUTOS</key>
				<string>YES</string>
				<key>GCC_WARN_UNUSED_FUNCTION</key>
				<string>YES</string>
				<key>GCC_WARN_UNUSED_VARIABLE</key>
				<string>YES</string>
				<key>IPHONEOS_DEPLOYMENT_TARGET</key>
				<string>7.0</string>
				<key>ONLY_ACTIVE_ARCH</key>
				<string>YES</string>
				<key>SDKROOT</key>
				<string>iphoneos</string>
			</dict>
			<key>isa</key>
			<string>XCBuildConfiguration</string>
			<key>name</key>
			<string>Debug</string>
		</dict>
		<key>69E39AA918ECF9A2002FC82C</key>
		<dict>
			<key>buildSettings</key>
			<dict>
				<key>ALWAYS_SEARCH_USER_PATHS</key>
				<string>NO</string>
				<key>ARCHS</key>
				<string>$(ARCHS_STANDARD_INCLUDING_64_BIT)</string>
				<key>CLANG_CXX_LANGUAGE_STANDARD</key>
				<string>gnu++0x</string>
				<key>CLANG_CXX_LIBRARY</key>
				<string>libc++</string>
				<key>CLANG_ENABLE_MODULES</key>
				<string>YES</string>
				<key>CLANG_ENABLE_OBJC_ARC</key>
				<string>YES</string>
				<key>CLANG_WARN_BOOL_CONVERSION</key>
				<string>YES</string>
				<key>CLANG_WARN_CONSTANT_CONVERSION</key>
				<string>YES</string>
				<key>CLANG_WARN_DIRECT_OBJC_ISA_USAGE</key>
				<string>YES_ERROR</string>
				<key>CLANG_WARN_EMPTY_BODY</key>
				<string>YES</string>
				<key>CLANG_WARN_ENUM_CONVERSION</key>
				<string>YES</string>
				<key>CLANG_WARN_INT_CONVERSION</key>
				<string>YES</string>
				<key>CLANG_WARN_OBJC_ROOT_CLASS</key>
				<string>YES_ERROR</string>
				<key>CLANG_WARN__DUPLICATE_METHOD_MATCH</key>
				<string>YES</string>
				<key>CODE_SIGN_IDENTITY[sdk=iphoneos*]</key>
				<string>iPhone Developer</string>
				<key>COPY_PHASE_STRIP</key>
				<string>YES</string>
				<key>ENABLE_NS_ASSERTIONS</key>
				<string>NO</string>
				<key>GCC_C_LANGUAGE_STANDARD</key>
				<string>gnu99</string>
				<key>GCC_WARN_64_TO_32_BIT_CONVERSION</key>
				<string>YES</string>
				<key>GCC_WARN_ABOUT_RETURN_TYPE</key>
				<string>YES_ERROR</string>
				<key>GCC_WARN_UNDECLARED_SELECTOR</key>
				<string>YES</string>
				<key>GCC_WARN_UNINITIALIZED_AUTOS</key>
				<string>YES</string>
				<key>GCC_WARN_UNUSED_FUNCTION</key>
				<string>YES</string>
				<key>GCC_WARN_UNUSED_VARIABLE</key>
				<string>YES</string>
				<key>IPHONEOS_DEPLOYMENT_TARGET</key>
				<string>7.0</string>
				<key>SDKROOT</key>
				<string>iphoneos</string>
				<key>VALIDATE_PRODUCT</key>
				<string>YES</string>
			</dict>
			<key>isa</key>
			<string>XCBuildConfiguration</string>
			<key>name</key>
			<string>Release</string>
		</dict>
		<key>69E39AAA18ECF9A2002FC82C</key>
		<dict>
			<key>buildConfigurations</key>
			<array>
				<string>69E39AAB18ECF9A2002FC82C</string>
				<string>69E39AAC18ECF9A2002FC82C</string>
			</array>
			<key>defaultConfigurationIsVisible</key>
			<string>0</string>
			<key>defaultConfigurationName</key>
			<string>Release</string>
			<key>isa</key>
			<string>XCConfigurationList</string>
		</dict>
		<key>69E39AAB18ECF9A2002FC82C</key>
		<dict>
			<key>baseConfigurationReference</key>
			<string>8382CF4162DC4D828F4F0516</string>
			<key>buildSettings</key>
			<dict>
				<key>ASSETCATALOG_COMPILER_APPICON_NAME</key>
				<string>AppIcon</string>
				<key>ASSETCATALOG_COMPILER_LAUNCHIMAGE_NAME</key>
				<string>LaunchImage</string>
				<key>GCC_PRECOMPILE_PREFIX_HEADER</key>
				<string>YES</string>
				<key>GCC_PREFIX_HEADER</key>
				<string>1k/1k-Prefix.pch</string>
				<key>INFOPLIST_FILE</key>
				<string>1k/1k-Info.plist</string>
				<key>PRODUCT_NAME</key>
				<string>$(TARGET_NAME)</string>
				<key>WRAPPER_EXTENSION</key>
				<string>app</string>
			</dict>
			<key>isa</key>
			<string>XCBuildConfiguration</string>
			<key>name</key>
			<string>Debug</string>
		</dict>
		<key>69E39AAC18ECF9A2002FC82C</key>
		<dict>
			<key>baseConfigurationReference</key>
			<string>8382CF4162DC4D828F4F0516</string>
			<key>buildSettings</key>
			<dict>
				<key>ASSETCATALOG_COMPILER_APPICON_NAME</key>
				<string>AppIcon</string>
				<key>ASSETCATALOG_COMPILER_LAUNCHIMAGE_NAME</key>
				<string>LaunchImage</string>
				<key>GCC_PRECOMPILE_PREFIX_HEADER</key>
				<string>YES</string>
				<key>GCC_PREFIX_HEADER</key>
				<string>1k/1k-Prefix.pch</string>
				<key>INFOPLIST_FILE</key>
				<string>1k/1k-Info.plist</string>
				<key>PRODUCT_NAME</key>
				<string>$(TARGET_NAME)</string>
				<key>WRAPPER_EXTENSION</key>
				<string>app</string>
			</dict>
			<key>isa</key>
			<string>XCBuildConfiguration</string>
			<key>name</key>
			<string>Release</string>
		</dict>
		<key>69E39AAD18ECF9A2002FC82C</key>
		<dict>
			<key>buildConfigurations</key>
			<array>
				<string>69E39AAE18ECF9A2002FC82C</string>
				<string>69E39AAF18ECF9A2002FC82C</string>
			</array>
			<key>defaultConfigurationIsVisible</key>
			<string>0</string>
			<key>defaultConfigurationName</key>
			<string>Release</string>
			<key>isa</key>
			<string>XCConfigurationList</string>
		</dict>
		<key>69E39AAE18ECF9A2002FC82C</key>
		<dict>
			<key>buildSettings</key>
			<dict>
				<key>ARCHS</key>
				<string>$(ARCHS_STANDARD_INCLUDING_64_BIT)</string>
				<key>BUNDLE_LOADER</key>
				<string>$(BUILT_PRODUCTS_DIR)/1k.app/1k</string>
				<key>FRAMEWORK_SEARCH_PATHS</key>
				<array>
					<string>$(SDKROOT)/Developer/Library/Frameworks</string>
					<string>$(inherited)</string>
					<string>$(DEVELOPER_FRAMEWORKS_DIR)</string>
				</array>
				<key>GCC_PRECOMPILE_PREFIX_HEADER</key>
				<string>YES</string>
				<key>GCC_PREFIX_HEADER</key>
				<string>1k/1k-Prefix.pch</string>
				<key>GCC_PREPROCESSOR_DEFINITIONS</key>
				<array>
					<string>DEBUG=1</string>
					<string>$(inherited)</string>
				</array>
				<key>INFOPLIST_FILE</key>
				<string>1kTests/1kTests-Info.plist</string>
				<key>PRODUCT_NAME</key>
				<string>$(TARGET_NAME)</string>
				<key>TEST_HOST</key>
				<string>$(BUNDLE_LOADER)</string>
				<key>WRAPPER_EXTENSION</key>
				<string>xctest</string>
			</dict>
			<key>isa</key>
			<string>XCBuildConfiguration</string>
			<key>name</key>
			<string>Debug</string>
		</dict>
		<key>69E39AAF18ECF9A2002FC82C</key>
		<dict>
			<key>buildSettings</key>
			<dict>
				<key>ARCHS</key>
				<string>$(ARCHS_STANDARD_INCLUDING_64_BIT)</string>
				<key>BUNDLE_LOADER</key>
				<string>$(BUILT_PRODUCTS_DIR)/1k.app/1k</string>
				<key>FRAMEWORK_SEARCH_PATHS</key>
				<array>
					<string>$(SDKROOT)/Developer/Library/Frameworks</string>
					<string>$(inherited)</string>
					<string>$(DEVELOPER_FRAMEWORKS_DIR)</string>
				</array>
				<key>GCC_PRECOMPILE_PREFIX_HEADER</key>
				<string>YES</string>
				<key>GCC_PREFIX_HEADER</key>
				<string>1k/1k-Prefix.pch</string>
				<key>INFOPLIST_FILE</key>
				<string>1kTests/1kTests-Info.plist</string>
				<key>PRODUCT_NAME</key>
				<string>$(TARGET_NAME)</string>
				<key>TEST_HOST</key>
				<string>$(BUNDLE_LOADER)</string>
				<key>WRAPPER_EXTENSION</key>
				<string>xctest</string>
			</dict>
			<key>isa</key>
			<string>XCBuildConfiguration</string>
			<key>name</key>
			<string>Release</string>
		</dict>
		<key>69E39AB218ECFA12002FC82C</key>
		<dict>
			<key>isa</key>
			<string>PBXFileReference</string>
			<key>lastKnownFileType</key>
			<string>image.jpeg</string>
			<key>path</key>
			<string>corgi-puppy-on-a-couch.jpg</string>
			<key>sourceTree</key>
			<string>&lt;group&gt;</string>
		</dict>
		<key>69E39AB318ECFA12002FC82C</key>
		<dict>
			<key>fileRef</key>
			<string>69E39AB218ECFA12002FC82C</string>
			<key>isa</key>
			<string>PBXBuildFile</string>
		</dict>
		<key>69E39AB418ED00CF002FC82C</key>
		<dict>
			<key>isa</key>
			<string>PBXFileReference</string>
			<key>lastKnownFileType</key>
			<string>image.jpeg</string>
			<key>path</key>
			<string>GSjvDeN.jpg</string>
			<key>sourceTree</key>
			<string>&lt;group&gt;</string>
		</dict>
		<key>69E39AB518ED00CF002FC82C</key>
		<dict>
			<key>fileRef</key>
			<string>69E39AB418ED00CF002FC82C</string>
			<key>isa</key>
			<string>PBXBuildFile</string>
		</dict>
		<key>69E39AB618F6095C002FC82C</key>
		<dict>
			<key>isa</key>
			<string>PBXFileReference</string>
			<key>lastKnownFileType</key>
			<string>image.png</string>
			<key>path</key>
			<string>icon_11796.png</string>
			<key>sourceTree</key>
			<string>&lt;group&gt;</string>
		</dict>
		<key>69E39AB718F6095C002FC82C</key>
		<dict>
			<key>fileRef</key>
			<string>69E39AB618F6095C002FC82C</string>
			<key>isa</key>
			<string>PBXBuildFile</string>
		</dict>
		<key>69E39AB818F60B1B002FC82C</key>
		<dict>
			<key>isa</key>
			<string>PBXFileReference</string>
			<key>lastKnownFileType</key>
			<string>image.png</string>
			<key>path</key>
			<string>icon_18122.png</string>
			<key>sourceTree</key>
			<string>&lt;group&gt;</string>
		</dict>
		<key>69E39AB918F60B1B002FC82C</key>
		<dict>
			<key>isa</key>
			<string>PBXFileReference</string>
			<key>lastKnownFileType</key>
			<string>image.png</string>
			<key>path</key>
			<string>icon_18123.png</string>
			<key>sourceTree</key>
			<string>&lt;group&gt;</string>
		</dict>
		<key>69E39ABA18F60B1B002FC82C</key>
		<dict>
			<key>fileRef</key>
			<string>69E39AB818F60B1B002FC82C</string>
			<key>isa</key>
			<string>PBXBuildFile</string>
		</dict>
		<key>69E39ABB18F60B1B002FC82C</key>
		<dict>
			<key>fileRef</key>
			<string>69E39AB918F60B1B002FC82C</string>
			<key>isa</key>
			<string>PBXBuildFile</string>
		</dict>
		<key>69E39ABE18F60F73002FC82C</key>
		<dict>
			<key>isa</key>
			<string>PBXFileReference</string>
			<key>lastKnownFileType</key>
			<string>image.png</string>
			<key>path</key>
			<string>1k basic Logo 120x120.png</string>
			<key>sourceTree</key>
			<string>&lt;group&gt;</string>
		</dict>
		<key>69E39ABF18F60F73002FC82C</key>
		<dict>
			<key>fileRef</key>
			<string>69E39ABE18F60F73002FC82C</string>
			<key>isa</key>
			<string>PBXBuildFile</string>
		</dict>
		<key>69E39AC018F61085002FC82C</key>
		<dict>
			<key>isa</key>
			<string>PBXFileReference</string>
			<key>lastKnownFileType</key>
			<string>image.png</string>
			<key>path</key>
			<string>1k Logo Better 120x120.png</string>
			<key>sourceTree</key>
			<string>&lt;group&gt;</string>
		</dict>
		<key>69E39AC118F61085002FC82C</key>
		<dict>
			<key>fileRef</key>
			<string>69E39AC018F61085002FC82C</string>
			<key>isa</key>
			<string>PBXBuildFile</string>
		</dict>
		<key>8382CF4162DC4D828F4F0516</key>
		<dict>
			<key>includeInIndex</key>
			<string>1</string>
			<key>isa</key>
			<string>PBXFileReference</string>
			<key>lastKnownFileType</key>
			<string>text.xcconfig</string>
			<key>name</key>
			<string>Pods.xcconfig</string>
			<key>path</key>
			<string>Pods/Pods.xcconfig</string>
			<key>sourceTree</key>
			<string>&lt;group&gt;</string>
		</dict>
		<key>C58DA2F9B54548598BAF7C19</key>
		<dict>
			<key>explicitFileType</key>
			<string>archive.ar</string>
			<key>includeInIndex</key>
			<string>0</string>
			<key>isa</key>
			<string>PBXFileReference</string>
			<key>path</key>
			<string>libPods.a</string>
			<key>sourceTree</key>
			<string>BUILT_PRODUCTS_DIR</string>
		</dict>
	</dict>
	<key>rootObject</key>
	<string>69E39A7018ECF9A1002FC82C</string>
</dict>
</plist>
