// !$*UTF8*$!
{
	archiveVersion = 1;
	classes = {
	};
	objectVersion = 46;
	objects = {

/* Begin PBXBuildFile section */
		044318DC18F78C3600114472 /* UploadViewController.m in Sources */ = {isa = PBXBuildFile; fileRef = 044318DB18F78C3600114472 /* UploadViewController.m */; };
		044318E118F791CE00114472 /* MenuViewController.m in Sources */ = {isa = PBXBuildFile; fileRef = 044318E018F791CE00114472 /* MenuViewController.m */; };
		044318E418F7954500114472 /* CategoryViewController.m in Sources */ = {isa = PBXBuildFile; fileRef = 044318E318F7954500114472 /* CategoryViewController.m */; };
		044318ED18F7A02500114472 /* HistoryViewController.m in Sources */ = {isa = PBXBuildFile; fileRef = 044318EC18F7A02500114472 /* HistoryViewController.m */; };
		044318F018F7A1CE00114472 /* AccountViewController.m in Sources */ = {isa = PBXBuildFile; fileRef = 044318EF18F7A1CE00114472 /* AccountViewController.m */; };
		694A878018F64D1D006B7AC4 /* icon_29074.png in Resources */ = {isa = PBXBuildFile; fileRef = 694A877F18F64D1D006B7AC4 /* icon_29074.png */; };
		694A878418F72F8C006B7AC4 /* Logo again 120x120.png in Resources */ = {isa = PBXBuildFile; fileRef = 694A878318F72F8C006B7AC4 /* Logo again 120x120.png */; };
		69E39A7C18ECF9A1002FC82C /* Foundation.framework in Frameworks */ = {isa = PBXBuildFile; fileRef = 69E39A7B18ECF9A1002FC82C /* Foundation.framework */; };
		69E39A7E18ECF9A1002FC82C /* CoreGraphics.framework in Frameworks */ = {isa = PBXBuildFile; fileRef = 69E39A7D18ECF9A1002FC82C /* CoreGraphics.framework */; };
		69E39A8018ECF9A1002FC82C /* UIKit.framework in Frameworks */ = {isa = PBXBuildFile; fileRef = 69E39A7F18ECF9A1002FC82C /* UIKit.framework */; };
		69E39A8618ECF9A1002FC82C /* InfoPlist.strings in Resources */ = {isa = PBXBuildFile; fileRef = 69E39A8418ECF9A1002FC82C /* InfoPlist.strings */; };
		69E39A8818ECF9A1002FC82C /* main.m in Sources */ = {isa = PBXBuildFile; fileRef = 69E39A8718ECF9A1002FC82C /* main.m */; };
		69E39A8C18ECF9A1002FC82C /* AppDelegate.m in Sources */ = {isa = PBXBuildFile; fileRef = 69E39A8B18ECF9A1002FC82C /* AppDelegate.m */; };
		69E39A8F18ECF9A1002FC82C /* Main.storyboard in Resources */ = {isa = PBXBuildFile; fileRef = 69E39A8D18ECF9A1002FC82C /* Main.storyboard */; };
		69E39A9218ECF9A1002FC82C /* ViewController.m in Sources */ = {isa = PBXBuildFile; fileRef = 69E39A9118ECF9A1002FC82C /* ViewController.m */; };
		69E39A9418ECF9A1002FC82C /* Images.xcassets in Resources */ = {isa = PBXBuildFile; fileRef = 69E39A9318ECF9A1002FC82C /* Images.xcassets */; };
		69E39A9B18ECF9A2002FC82C /* XCTest.framework in Frameworks */ = {isa = PBXBuildFile; fileRef = 69E39A9A18ECF9A2002FC82C /* XCTest.framework */; };
		69E39A9C18ECF9A2002FC82C /* Foundation.framework in Frameworks */ = {isa = PBXBuildFile; fileRef = 69E39A7B18ECF9A1002FC82C /* Foundation.framework */; };
		69E39A9D18ECF9A2002FC82C /* UIKit.framework in Frameworks */ = {isa = PBXBuildFile; fileRef = 69E39A7F18ECF9A1002FC82C /* UIKit.framework */; };
		69E39AA518ECF9A2002FC82C /* InfoPlist.strings in Resources */ = {isa = PBXBuildFile; fileRef = 69E39AA318ECF9A2002FC82C /* InfoPlist.strings */; };
		69E39AA718ECF9A2002FC82C /* _kTests.m in Sources */ = {isa = PBXBuildFile; fileRef = 69E39AA618ECF9A2002FC82C /* _kTests.m */; };
		69E39AB318ECFA12002FC82C /* corgi-puppy-on-a-couch.jpg in Resources */ = {isa = PBXBuildFile; fileRef = 69E39AB218ECFA12002FC82C /* corgi-puppy-on-a-couch.jpg */; };
		69E39AB518ED00CF002FC82C /* GSjvDeN.jpg in Resources */ = {isa = PBXBuildFile; fileRef = 69E39AB418ED00CF002FC82C /* GSjvDeN.jpg */; };
		69E39AB718F6095C002FC82C /* icon_11796.png in Resources */ = {isa = PBXBuildFile; fileRef = 69E39AB618F6095C002FC82C /* icon_11796.png */; };
		69E39ABA18F60B1B002FC82C /* icon_18122.png in Resources */ = {isa = PBXBuildFile; fileRef = 69E39AB818F60B1B002FC82C /* icon_18122.png */; };
		69E39ABB18F60B1B002FC82C /* icon_18123.png in Resources */ = {isa = PBXBuildFile; fileRef = 69E39AB918F60B1B002FC82C /* icon_18123.png */; };
		69E39ABF18F60F73002FC82C /* 1k basic Logo 120x120.png in Resources */ = {isa = PBXBuildFile; fileRef = 69E39ABE18F60F73002FC82C /* 1k basic Logo 120x120.png */; };
		69E39AC118F61085002FC82C /* 1k Logo Better 120x120.png in Resources */ = {isa = PBXBuildFile; fileRef = 69E39AC018F61085002FC82C /* 1k Logo Better 120x120.png */; };
		C3E1E1A318FCC65000FFF1A0 /* TableViewController.m in Sources */ = {isa = PBXBuildFile; fileRef = C3E1E1A018FCC65000FFF1A0 /* TableViewController.m */; };
		C3E1E1A418FCC65000FFF1A0 /* CollectionViewController.m in Sources */ = {isa = PBXBuildFile; fileRef = C3E1E1A218FCC65000FFF1A0 /* CollectionViewController.m */; };
		C3E1E1A718FCC65B00FFF1A0 /* AssetsAccessor.m in Sources */ = {isa = PBXBuildFile; fileRef = C3E1E1A618FCC65B00FFF1A0 /* AssetsAccessor.m */; };
/* End PBXBuildFile section */

/* Begin PBXContainerItemProxy section */
		69E39A9E18ECF9A2002FC82C /* PBXContainerItemProxy */ = {
			isa = PBXContainerItemProxy;
			containerPortal = 69E39A7018ECF9A1002FC82C /* Project object */;
			proxyType = 1;
			remoteGlobalIDString = 69E39A7718ECF9A1002FC82C;
			remoteInfo = 1k;
		};
/* End PBXContainerItemProxy section */

/* Begin PBXFileReference section */
		044318DA18F78C3600114472 /* UploadViewController.h */ = {isa = PBXFileReference; fileEncoding = 4; lastKnownFileType = sourcecode.c.h; path = UploadViewController.h; sourceTree = "<group>"; };
		044318DB18F78C3600114472 /* UploadViewController.m */ = {isa = PBXFileReference; fileEncoding = 4; lastKnownFileType = sourcecode.c.objc; path = UploadViewController.m; sourceTree = "<group>"; };
		044318DF18F791CE00114472 /* MenuViewController.h */ = {isa = PBXFileReference; fileEncoding = 4; lastKnownFileType = sourcecode.c.h; name = MenuViewController.h; path = ../MenuViewController.h; sourceTree = "<group>"; };
		044318E018F791CE00114472 /* MenuViewController.m */ = {isa = PBXFileReference; fileEncoding = 4; lastKnownFileType = sourcecode.c.objc; name = MenuViewController.m; path = ../MenuViewController.m; sourceTree = "<group>"; };
		044318E218F7954500114472 /* CategoryViewController.h */ = {isa = PBXFileReference; fileEncoding = 4; lastKnownFileType = sourcecode.c.h; path = CategoryViewController.h; sourceTree = "<group>"; };
		044318E318F7954500114472 /* CategoryViewController.m */ = {isa = PBXFileReference; fileEncoding = 4; lastKnownFileType = sourcecode.c.objc; path = CategoryViewController.m; sourceTree = "<group>"; };
		044318EB18F7A02500114472 /* HistoryViewController.h */ = {isa = PBXFileReference; fileEncoding = 4; lastKnownFileType = sourcecode.c.h; name = HistoryViewController.h; path = ../HistoryViewController.h; sourceTree = "<group>"; };
		044318EC18F7A02500114472 /* HistoryViewController.m */ = {isa = PBXFileReference; fileEncoding = 4; lastKnownFileType = sourcecode.c.objc; name = HistoryViewController.m; path = ../HistoryViewController.m; sourceTree = "<group>"; };
		044318EE18F7A1CE00114472 /* AccountViewController.h */ = {isa = PBXFileReference; fileEncoding = 4; lastKnownFileType = sourcecode.c.h; path = AccountViewController.h; sourceTree = "<group>"; };
		044318EF18F7A1CE00114472 /* AccountViewController.m */ = {isa = PBXFileReference; fileEncoding = 4; lastKnownFileType = sourcecode.c.objc; path = AccountViewController.m; sourceTree = "<group>"; };
		694A877F18F64D1D006B7AC4 /* icon_29074.png */ = {isa = PBXFileReference; lastKnownFileType = image.png; path = icon_29074.png; sourceTree = "<group>"; };
		694A878318F72F8C006B7AC4 /* Logo again 120x120.png */ = {isa = PBXFileReference; lastKnownFileType = image.png; path = "Logo again 120x120.png"; sourceTree = "<group>"; };
		69E39A7818ECF9A1002FC82C /* 1k.app */ = {isa = PBXFileReference; explicitFileType = wrapper.application; includeInIndex = 0; path = 1k.app; sourceTree = BUILT_PRODUCTS_DIR; };
		69E39A7B18ECF9A1002FC82C /* Foundation.framework */ = {isa = PBXFileReference; lastKnownFileType = wrapper.framework; name = Foundation.framework; path = System/Library/Frameworks/Foundation.framework; sourceTree = SDKROOT; };
		69E39A7D18ECF9A1002FC82C /* CoreGraphics.framework */ = {isa = PBXFileReference; lastKnownFileType = wrapper.framework; name = CoreGraphics.framework; path = System/Library/Frameworks/CoreGraphics.framework; sourceTree = SDKROOT; };
		69E39A7F18ECF9A1002FC82C /* UIKit.framework */ = {isa = PBXFileReference; lastKnownFileType = wrapper.framework; name = UIKit.framework; path = System/Library/Frameworks/UIKit.framework; sourceTree = SDKROOT; };
		69E39A8318ECF9A1002FC82C /* 1k-Info.plist */ = {isa = PBXFileReference; lastKnownFileType = text.plist.xml; path = "1k-Info.plist"; sourceTree = "<group>"; };
		69E39A8518ECF9A1002FC82C /* en */ = {isa = PBXFileReference; lastKnownFileType = text.plist.strings; name = en; path = en.lproj/InfoPlist.strings; sourceTree = "<group>"; };
		69E39A8718ECF9A1002FC82C /* main.m */ = {isa = PBXFileReference; lastKnownFileType = sourcecode.c.objc; path = main.m; sourceTree = "<group>"; };
		69E39A8918ECF9A1002FC82C /* 1k-Prefix.pch */ = {isa = PBXFileReference; lastKnownFileType = sourcecode.c.h; path = "1k-Prefix.pch"; sourceTree = "<group>"; };
		69E39A8A18ECF9A1002FC82C /* AppDelegate.h */ = {isa = PBXFileReference; lastKnownFileType = sourcecode.c.h; path = AppDelegate.h; sourceTree = "<group>"; };
		69E39A8B18ECF9A1002FC82C /* AppDelegate.m */ = {isa = PBXFileReference; lastKnownFileType = sourcecode.c.objc; path = AppDelegate.m; sourceTree = "<group>"; };
		69E39A8E18ECF9A1002FC82C /* Base */ = {isa = PBXFileReference; lastKnownFileType = file.storyboard; name = Base; path = Base.lproj/Main.storyboard; sourceTree = "<group>"; };
		69E39A9018ECF9A1002FC82C /* ViewController.h */ = {isa = PBXFileReference; lastKnownFileType = sourcecode.c.h; path = ViewController.h; sourceTree = "<group>"; };
		69E39A9118ECF9A1002FC82C /* ViewController.m */ = {isa = PBXFileReference; lastKnownFileType = sourcecode.c.objc; path = ViewController.m; sourceTree = "<group>"; };
		69E39A9318ECF9A1002FC82C /* Images.xcassets */ = {isa = PBXFileReference; lastKnownFileType = folder.assetcatalog; path = Images.xcassets; sourceTree = "<group>"; };
		69E39A9918ECF9A2002FC82C /* 1kTests.xctest */ = {isa = PBXFileReference; explicitFileType = wrapper.cfbundle; includeInIndex = 0; path = 1kTests.xctest; sourceTree = BUILT_PRODUCTS_DIR; };
		69E39A9A18ECF9A2002FC82C /* XCTest.framework */ = {isa = PBXFileReference; lastKnownFileType = wrapper.framework; name = XCTest.framework; path = Library/Frameworks/XCTest.framework; sourceTree = DEVELOPER_DIR; };
		69E39AA218ECF9A2002FC82C /* 1kTests-Info.plist */ = {isa = PBXFileReference; lastKnownFileType = text.plist.xml; path = "1kTests-Info.plist"; sourceTree = "<group>"; };
		69E39AA418ECF9A2002FC82C /* en */ = {isa = PBXFileReference; lastKnownFileType = text.plist.strings; name = en; path = en.lproj/InfoPlist.strings; sourceTree = "<group>"; };
		69E39AA618ECF9A2002FC82C /* _kTests.m */ = {isa = PBXFileReference; lastKnownFileType = sourcecode.c.objc; path = _kTests.m; sourceTree = "<group>"; };
		69E39AB218ECFA12002FC82C /* corgi-puppy-on-a-couch.jpg */ = {isa = PBXFileReference; lastKnownFileType = image.jpeg; path = "corgi-puppy-on-a-couch.jpg"; sourceTree = "<group>"; };
		69E39AB418ED00CF002FC82C /* GSjvDeN.jpg */ = {isa = PBXFileReference; lastKnownFileType = image.jpeg; path = GSjvDeN.jpg; sourceTree = "<group>"; };
		69E39AB618F6095C002FC82C /* icon_11796.png */ = {isa = PBXFileReference; lastKnownFileType = image.png; path = icon_11796.png; sourceTree = "<group>"; };
		69E39AB818F60B1B002FC82C /* icon_18122.png */ = {isa = PBXFileReference; lastKnownFileType = image.png; path = icon_18122.png; sourceTree = "<group>"; };
		69E39AB918F60B1B002FC82C /* icon_18123.png */ = {isa = PBXFileReference; lastKnownFileType = image.png; path = icon_18123.png; sourceTree = "<group>"; };
		69E39ABE18F60F73002FC82C /* 1k basic Logo 120x120.png */ = {isa = PBXFileReference; lastKnownFileType = image.png; path = "1k basic Logo 120x120.png"; sourceTree = "<group>"; };
		69E39AC018F61085002FC82C /* 1k Logo Better 120x120.png */ = {isa = PBXFileReference; lastKnownFileType = image.png; path = "1k Logo Better 120x120.png"; sourceTree = "<group>"; };
		C3E1E19F18FCC65000FFF1A0 /* TableViewController.h */ = {isa = PBXFileReference; fileEncoding = 4; lastKnownFileType = sourcecode.c.h; path = TableViewController.h; sourceTree = "<group>"; };
		C3E1E1A018FCC65000FFF1A0 /* TableViewController.m */ = {isa = PBXFileReference; fileEncoding = 4; lastKnownFileType = sourcecode.c.objc; path = TableViewController.m; sourceTree = "<group>"; };
		C3E1E1A118FCC65000FFF1A0 /* CollectionViewController.h */ = {isa = PBXFileReference; fileEncoding = 4; lastKnownFileType = sourcecode.c.h; path = CollectionViewController.h; sourceTree = "<group>"; };
		C3E1E1A218FCC65000FFF1A0 /* CollectionViewController.m */ = {isa = PBXFileReference; fileEncoding = 4; lastKnownFileType = sourcecode.c.objc; path = CollectionViewController.m; sourceTree = "<group>"; };
		C3E1E1A518FCC65B00FFF1A0 /* AssetsAccessor.h */ = {isa = PBXFileReference; fileEncoding = 4; lastKnownFileType = sourcecode.c.h; path = AssetsAccessor.h; sourceTree = "<group>"; };
		C3E1E1A618FCC65B00FFF1A0 /* AssetsAccessor.m */ = {isa = PBXFileReference; fileEncoding = 4; lastKnownFileType = sourcecode.c.objc; path = AssetsAccessor.m; sourceTree = "<group>"; };
/* End PBXFileReference section */

/* Begin PBXFrameworksBuildPhase section */
		69E39A7518ECF9A1002FC82C /* Frameworks */ = {
			isa = PBXFrameworksBuildPhase;
			buildActionMask = 2147483647;
			files = (
				69E39A7E18ECF9A1002FC82C /* CoreGraphics.framework in Frameworks */,
				69E39A8018ECF9A1002FC82C /* UIKit.framework in Frameworks */,
				69E39A7C18ECF9A1002FC82C /* Foundation.framework in Frameworks */,
			);
			runOnlyForDeploymentPostprocessing = 0;
		};
		69E39A9618ECF9A2002FC82C /* Frameworks */ = {
			isa = PBXFrameworksBuildPhase;
			buildActionMask = 2147483647;
			files = (
				69E39A9B18ECF9A2002FC82C /* XCTest.framework in Frameworks */,
				69E39A9D18ECF9A2002FC82C /* UIKit.framework in Frameworks */,
				69E39A9C18ECF9A2002FC82C /* Foundation.framework in Frameworks */,
			);
			runOnlyForDeploymentPostprocessing = 0;
		};
/* End PBXFrameworksBuildPhase section */

/* Begin PBXGroup section */
		69E39A6F18ECF9A1002FC82C = {
			isa = PBXGroup;
			children = (
				69E39A8118ECF9A1002FC82C /* 1k */,
				69E39AA018ECF9A2002FC82C /* 1kTests */,
				69E39A7A18ECF9A1002FC82C /* Frameworks */,
				69E39A7918ECF9A1002FC82C /* Products */,
			);
			sourceTree = "<group>";
		};
		69E39A7918ECF9A1002FC82C /* Products */ = {
			isa = PBXGroup;
			children = (
				69E39A7818ECF9A1002FC82C /* 1k.app */,
				69E39A9918ECF9A2002FC82C /* 1kTests.xctest */,
			);
			name = Products;
			sourceTree = "<group>";
		};
		69E39A7A18ECF9A1002FC82C /* Frameworks */ = {
			isa = PBXGroup;
			children = (
				69E39A7B18ECF9A1002FC82C /* Foundation.framework */,
				69E39A7D18ECF9A1002FC82C /* CoreGraphics.framework */,
				69E39A7F18ECF9A1002FC82C /* UIKit.framework */,
				69E39A9A18ECF9A2002FC82C /* XCTest.framework */,
			);
			name = Frameworks;
			sourceTree = "<group>";
		};
		69E39A8118ECF9A1002FC82C /* 1k */ = {
			isa = PBXGroup;
			children = (
				694A878318F72F8C006B7AC4 /* Logo again 120x120.png */,
				694A877F18F64D1D006B7AC4 /* icon_29074.png */,
				69E39AC018F61085002FC82C /* 1k Logo Better 120x120.png */,
				69E39ABE18F60F73002FC82C /* 1k basic Logo 120x120.png */,
				69E39AB818F60B1B002FC82C /* icon_18122.png */,
				69E39AB918F60B1B002FC82C /* icon_18123.png */,
				69E39AB618F6095C002FC82C /* icon_11796.png */,
				69E39AB418ED00CF002FC82C /* GSjvDeN.jpg */,
				69E39AB218ECFA12002FC82C /* corgi-puppy-on-a-couch.jpg */,
				69E39A8A18ECF9A1002FC82C /* AppDelegate.h */,
				69E39A8B18ECF9A1002FC82C /* AppDelegate.m */,
				69E39A8D18ECF9A1002FC82C /* Main.storyboard */,
				044318EE18F7A1CE00114472 /* AccountViewController.h */,
				044318EF18F7A1CE00114472 /* AccountViewController.m */,
				044318E218F7954500114472 /* CategoryViewController.h */,
				044318E318F7954500114472 /* CategoryViewController.m */,
				044318EB18F7A02500114472 /* HistoryViewController.h */,
				044318EC18F7A02500114472 /* HistoryViewController.m */,
				044318DF18F791CE00114472 /* MenuViewController.h */,
				044318E018F791CE00114472 /* MenuViewController.m */,
				044318DA18F78C3600114472 /* UploadViewController.h */,
				044318DB18F78C3600114472 /* UploadViewController.m */,
				C3E1E1A818FCC66800FFF1A0 /* UploadView Assets */,
				69E39A9018ECF9A1002FC82C /* ViewController.h */,
				69E39A9118ECF9A1002FC82C /* ViewController.m */,
				69E39A9318ECF9A1002FC82C /* Images.xcassets */,
				69E39A8218ECF9A1002FC82C /* Supporting Files */,
			);
			path = 1k;
			sourceTree = "<group>";
		};
		69E39A8218ECF9A1002FC82C /* Supporting Files */ = {
			isa = PBXGroup;
			children = (
				69E39A8318ECF9A1002FC82C /* 1k-Info.plist */,
				69E39A8418ECF9A1002FC82C /* InfoPlist.strings */,
				69E39A8718ECF9A1002FC82C /* main.m */,
				69E39A8918ECF9A1002FC82C /* 1k-Prefix.pch */,
			);
			name = "Supporting Files";
			sourceTree = "<group>";
		};
		69E39AA018ECF9A2002FC82C /* 1kTests */ = {
			isa = PBXGroup;
			children = (
				69E39AA618ECF9A2002FC82C /* _kTests.m */,
				69E39AA118ECF9A2002FC82C /* Supporting Files */,
			);
			path = 1kTests;
			sourceTree = "<group>";
		};
		69E39AA118ECF9A2002FC82C /* Supporting Files */ = {
			isa = PBXGroup;
			children = (
				69E39AA218ECF9A2002FC82C /* 1kTests-Info.plist */,
				69E39AA318ECF9A2002FC82C /* InfoPlist.strings */,
			);
			name = "Supporting Files";
			sourceTree = "<group>";
		};
		C3E1E1A818FCC66800FFF1A0 /* UploadView Assets */ = {
			isa = PBXGroup;
			children = (
				C3E1E19F18FCC65000FFF1A0 /* TableViewController.h */,
				C3E1E1A018FCC65000FFF1A0 /* TableViewController.m */,
				C3E1E1A118FCC65000FFF1A0 /* CollectionViewController.h */,
				C3E1E1A218FCC65000FFF1A0 /* CollectionViewController.m */,
				C3E1E1A518FCC65B00FFF1A0 /* AssetsAccessor.h */,
				C3E1E1A618FCC65B00FFF1A0 /* AssetsAccessor.m */,
			);
			name = "UploadView Assets";
			sourceTree = "<group>";
		};
/* End PBXGroup section */

/* Begin PBXNativeTarget section */
		69E39A7718ECF9A1002FC82C /* 1k */ = {
			isa = PBXNativeTarget;
			buildConfigurationList = 69E39AAA18ECF9A2002FC82C /* Build configuration list for PBXNativeTarget "1k" */;
			buildPhases = (
				69E39A7418ECF9A1002FC82C /* Sources */,
				69E39A7518ECF9A1002FC82C /* Frameworks */,
				69E39A7618ECF9A1002FC82C /* Resources */,
			);
			buildRules = (
			);
			dependencies = (
			);
			name = 1k;
			productName = 1k;
			productReference = 69E39A7818ECF9A1002FC82C /* 1k.app */;
			productType = "com.apple.product-type.application";
		};
		69E39A9818ECF9A2002FC82C /* 1kTests */ = {
			isa = PBXNativeTarget;
			buildConfigurationList = 69E39AAD18ECF9A2002FC82C /* Build configuration list for PBXNativeTarget "1kTests" */;
			buildPhases = (
				69E39A9518ECF9A2002FC82C /* Sources */,
				69E39A9618ECF9A2002FC82C /* Frameworks */,
				69E39A9718ECF9A2002FC82C /* Resources */,
			);
			buildRules = (
			);
			dependencies = (
				69E39A9F18ECF9A2002FC82C /* PBXTargetDependency */,
			);
			name = 1kTests;
			productName = 1kTests;
			productReference = 69E39A9918ECF9A2002FC82C /* 1kTests.xctest */;
			productType = "com.apple.product-type.bundle.unit-test";
		};
/* End PBXNativeTarget section */

/* Begin PBXProject section */
		69E39A7018ECF9A1002FC82C /* Project object */ = {
			isa = PBXProject;
			attributes = {
				LastUpgradeCheck = 0500;
				ORGANIZATIONNAME = "Jay Lee";
				TargetAttributes = {
					69E39A9818ECF9A2002FC82C = {
						TestTargetID = 69E39A7718ECF9A1002FC82C;
					};
				};
			};
			buildConfigurationList = 69E39A7318ECF9A1002FC82C /* Build configuration list for PBXProject "1k" */;
			compatibilityVersion = "Xcode 3.2";
			developmentRegion = English;
			hasScannedForEncodings = 0;
			knownRegions = (
				en,
				Base,
			);
			mainGroup = 69E39A6F18ECF9A1002FC82C;
			productRefGroup = 69E39A7918ECF9A1002FC82C /* Products */;
			projectDirPath = "";
			projectRoot = "";
			targets = (
				69E39A7718ECF9A1002FC82C /* 1k */,
				69E39A9818ECF9A2002FC82C /* 1kTests */,
			);
		};
/* End PBXProject section */

/* Begin PBXResourcesBuildPhase section */
		69E39A7618ECF9A1002FC82C /* Resources */ = {
			isa = PBXResourcesBuildPhase;
			buildActionMask = 2147483647;
			files = (
				694A878018F64D1D006B7AC4 /* icon_29074.png in Resources */,
				69E39AC118F61085002FC82C /* 1k Logo Better 120x120.png in Resources */,
				69E39ABB18F60B1B002FC82C /* icon_18123.png in Resources */,
				69E39A9418ECF9A1002FC82C /* Images.xcassets in Resources */,
				694A878418F72F8C006B7AC4 /* Logo again 120x120.png in Resources */,
				69E39AB718F6095C002FC82C /* icon_11796.png in Resources */,
				69E39ABA18F60B1B002FC82C /* icon_18122.png in Resources */,
				69E39A8618ECF9A1002FC82C /* InfoPlist.strings in Resources */,
				69E39ABF18F60F73002FC82C /* 1k basic Logo 120x120.png in Resources */,
				69E39A8F18ECF9A1002FC82C /* Main.storyboard in Resources */,
				69E39AB518ED00CF002FC82C /* GSjvDeN.jpg in Resources */,
				69E39AB318ECFA12002FC82C /* corgi-puppy-on-a-couch.jpg in Resources */,
			);
			runOnlyForDeploymentPostprocessing = 0;
		};
		69E39A9718ECF9A2002FC82C /* Resources */ = {
			isa = PBXResourcesBuildPhase;
			buildActionMask = 2147483647;
			files = (
				69E39AA518ECF9A2002FC82C /* InfoPlist.strings in Resources */,
			);
			runOnlyForDeploymentPostprocessing = 0;
		};
/* End PBXResourcesBuildPhase section */

/* Begin PBXSourcesBuildPhase section */
		69E39A7418ECF9A1002FC82C /* Sources */ = {
			isa = PBXSourcesBuildPhase;
			buildActionMask = 2147483647;
			files = (
				69E39A9218ECF9A1002FC82C /* ViewController.m in Sources */,
				69E39A8C18ECF9A1002FC82C /* AppDelegate.m in Sources */,
				69E39A8818ECF9A1002FC82C /* main.m in Sources */,
				044318DC18F78C3600114472 /* UploadViewController.m in Sources */,
				C3E1E1A318FCC65000FFF1A0 /* TableViewController.m in Sources */,
				044318E418F7954500114472 /* CategoryViewController.m in Sources */,
				044318ED18F7A02500114472 /* HistoryViewController.m in Sources */,
				044318F018F7A1CE00114472 /* AccountViewController.m in Sources */,
				C3E1E1A418FCC65000FFF1A0 /* CollectionViewController.m in Sources */,
				C3E1E1A718FCC65B00FFF1A0 /* AssetsAccessor.m in Sources */,
				044318E118F791CE00114472 /* MenuViewController.m in Sources */,
			);
			runOnlyForDeploymentPostprocessing = 0;
		};
		69E39A9518ECF9A2002FC82C /* Sources */ = {
			isa = PBXSourcesBuildPhase;
			buildActionMask = 2147483647;
			files = (
				69E39AA718ECF9A2002FC82C /* _kTests.m in Sources */,
			);
			runOnlyForDeploymentPostprocessing = 0;
		};
/* End PBXSourcesBuildPhase section */

/* Begin PBXTargetDependency section */
		69E39A9F18ECF9A2002FC82C /* PBXTargetDependency */ = {
			isa = PBXTargetDependency;
			target = 69E39A7718ECF9A1002FC82C /* 1k */;
			targetProxy = 69E39A9E18ECF9A2002FC82C /* PBXContainerItemProxy */;
		};
/* End PBXTargetDependency section */

/* Begin PBXVariantGroup section */
		69E39A8418ECF9A1002FC82C /* InfoPlist.strings */ = {
			isa = PBXVariantGroup;
			children = (
				69E39A8518ECF9A1002FC82C /* en */,
			);
			name = InfoPlist.strings;
			sourceTree = "<group>";
		};
		69E39A8D18ECF9A1002FC82C /* Main.storyboard */ = {
			isa = PBXVariantGroup;
			children = (
				69E39A8E18ECF9A1002FC82C /* Base */,
			);
			name = Main.storyboard;
			sourceTree = "<group>";
		};
		69E39AA318ECF9A2002FC82C /* InfoPlist.strings */ = {
			isa = PBXVariantGroup;
			children = (
				69E39AA418ECF9A2002FC82C /* en */,
			);
			name = InfoPlist.strings;
			sourceTree = "<group>";
		};
/* End PBXVariantGroup section */

/* Begin XCBuildConfiguration section */
		69E39AA818ECF9A2002FC82C /* Debug */ = {
			isa = XCBuildConfiguration;
			buildSettings = {
				ALWAYS_SEARCH_USER_PATHS = NO;
				ARCHS = "$(ARCHS_STANDARD_INCLUDING_64_BIT)";
				CLANG_CXX_LANGUAGE_STANDARD = "gnu++0x";
				CLANG_CXX_LIBRARY = "libc++";
				CLANG_ENABLE_MODULES = YES;
				CLANG_ENABLE_OBJC_ARC = YES;
				CLANG_WARN_BOOL_CONVERSION = YES;
				CLANG_WARN_CONSTANT_CONVERSION = YES;
				CLANG_WARN_DIRECT_OBJC_ISA_USAGE = YES_ERROR;
				CLANG_WARN_EMPTY_BODY = YES;
				CLANG_WARN_ENUM_CONVERSION = YES;
				CLANG_WARN_INT_CONVERSION = YES;
				CLANG_WARN_OBJC_ROOT_CLASS = YES_ERROR;
				CLANG_WARN__DUPLICATE_METHOD_MATCH = YES;
				"CODE_SIGN_IDENTITY[sdk=iphoneos*]" = "iPhone Developer";
				COPY_PHASE_STRIP = NO;
				GCC_C_LANGUAGE_STANDARD = gnu99;
				GCC_DYNAMIC_NO_PIC = NO;
				GCC_OPTIMIZATION_LEVEL = 0;
				GCC_PREPROCESSOR_DEFINITIONS = (
					"DEBUG=1",
					"$(inherited)",
				);
				GCC_SYMBOLS_PRIVATE_EXTERN = NO;
				GCC_WARN_64_TO_32_BIT_CONVERSION = YES;
				GCC_WARN_ABOUT_RETURN_TYPE = YES_ERROR;
				GCC_WARN_UNDECLARED_SELECTOR = YES;
				GCC_WARN_UNINITIALIZED_AUTOS = YES;
				GCC_WARN_UNUSED_FUNCTION = YES;
				GCC_WARN_UNUSED_VARIABLE = YES;
				IPHONEOS_DEPLOYMENT_TARGET = 7.0;
				ONLY_ACTIVE_ARCH = YES;
				SDKROOT = iphoneos;
			};
			name = Debug;
		};
		69E39AA918ECF9A2002FC82C /* Release */ = {
			isa = XCBuildConfiguration;
			buildSettings = {
				ALWAYS_SEARCH_USER_PATHS = NO;
				ARCHS = "$(ARCHS_STANDARD_INCLUDING_64_BIT)";
				CLANG_CXX_LANGUAGE_STANDARD = "gnu++0x";
				CLANG_CXX_LIBRARY = "libc++";
				CLANG_ENABLE_MODULES = YES;
				CLANG_ENABLE_OBJC_ARC = YES;
				CLANG_WARN_BOOL_CONVERSION = YES;
				CLANG_WARN_CONSTANT_CONVERSION = YES;
				CLANG_WARN_DIRECT_OBJC_ISA_USAGE = YES_ERROR;
				CLANG_WARN_EMPTY_BODY = YES;
				CLANG_WARN_ENUM_CONVERSION = YES;
				CLANG_WARN_INT_CONVERSION = YES;
				CLANG_WARN_OBJC_ROOT_CLASS = YES_ERROR;
				CLANG_WARN__DUPLICATE_METHOD_MATCH = YES;
				"CODE_SIGN_IDENTITY[sdk=iphoneos*]" = "iPhone Developer";
				COPY_PHASE_STRIP = YES;
				ENABLE_NS_ASSERTIONS = NO;
				GCC_C_LANGUAGE_STANDARD = gnu99;
				GCC_WARN_64_TO_32_BIT_CONVERSION = YES;
				GCC_WARN_ABOUT_RETURN_TYPE = YES_ERROR;
				GCC_WARN_UNDECLARED_SELECTOR = YES;
				GCC_WARN_UNINITIALIZED_AUTOS = YES;
				GCC_WARN_UNUSED_FUNCTION = YES;
				GCC_WARN_UNUSED_VARIABLE = YES;
				IPHONEOS_DEPLOYMENT_TARGET = 7.0;
				SDKROOT = iphoneos;
				VALIDATE_PRODUCT = YES;
			};
			name = Release;
		};
		69E39AAB18ECF9A2002FC82C /* Debug */ = {
			isa = XCBuildConfiguration;
			buildSettings = {
				ASSETCATALOG_COMPILER_APPICON_NAME = AppIcon;
				ASSETCATALOG_COMPILER_LAUNCHIMAGE_NAME = LaunchImage;
				GCC_PRECOMPILE_PREFIX_HEADER = YES;
				GCC_PREFIX_HEADER = "1k/1k-Prefix.pch";
				INFOPLIST_FILE = "1k/1k-Info.plist";
				PRODUCT_NAME = "$(TARGET_NAME)";
				WRAPPER_EXTENSION = app;
			};
			name = Debug;
		};
		69E39AAC18ECF9A2002FC82C /* Release */ = {
			isa = XCBuildConfiguration;
			buildSettings = {
				ASSETCATALOG_COMPILER_APPICON_NAME = AppIcon;
				ASSETCATALOG_COMPILER_LAUNCHIMAGE_NAME = LaunchImage;
				GCC_PRECOMPILE_PREFIX_HEADER = YES;
				GCC_PREFIX_HEADER = "1k/1k-Prefix.pch";
				INFOPLIST_FILE = "1k/1k-Info.plist";
				PRODUCT_NAME = "$(TARGET_NAME)";
				WRAPPER_EXTENSION = app;
			};
			name = Release;
		};
		69E39AAE18ECF9A2002FC82C /* Debug */ = {
			isa = XCBuildConfiguration;
			buildSettings = {
				ARCHS = "$(ARCHS_STANDARD_INCLUDING_64_BIT)";
				BUNDLE_LOADER = "$(BUILT_PRODUCTS_DIR)/1k.app/1k";
				FRAMEWORK_SEARCH_PATHS = (
					"$(SDKROOT)/Developer/Library/Frameworks",
					"$(inherited)",
					"$(DEVELOPER_FRAMEWORKS_DIR)",
				);
				GCC_PRECOMPILE_PREFIX_HEADER = YES;
				GCC_PREFIX_HEADER = "1k/1k-Prefix.pch";
				GCC_PREPROCESSOR_DEFINITIONS = (
					"DEBUG=1",
					"$(inherited)",
				);
				INFOPLIST_FILE = "1kTests/1kTests-Info.plist";
				PRODUCT_NAME = "$(TARGET_NAME)";
				TEST_HOST = "$(BUNDLE_LOADER)";
				WRAPPER_EXTENSION = xctest;
			};
			name = Debug;
		};
		69E39AAF18ECF9A2002FC82C /* Release */ = {
			isa = XCBuildConfiguration;
			buildSettings = {
				ARCHS = "$(ARCHS_STANDARD_INCLUDING_64_BIT)";
				BUNDLE_LOADER = "$(BUILT_PRODUCTS_DIR)/1k.app/1k";
				FRAMEWORK_SEARCH_PATHS = (
					"$(SDKROOT)/Developer/Library/Frameworks",
					"$(inherited)",
					"$(DEVELOPER_FRAMEWORKS_DIR)",
				);
				GCC_PRECOMPILE_PREFIX_HEADER = YES;
				GCC_PREFIX_HEADER = "1k/1k-Prefix.pch";
				INFOPLIST_FILE = "1kTests/1kTests-Info.plist";
				PRODUCT_NAME = "$(TARGET_NAME)";
				TEST_HOST = "$(BUNDLE_LOADER)";
				WRAPPER_EXTENSION = xctest;
			};
			name = Release;
		};
/* End XCBuildConfiguration section */

/* Begin XCConfigurationList section */
		69E39A7318ECF9A1002FC82C /* Build configuration list for PBXProject "1k" */ = {
			isa = XCConfigurationList;
			buildConfigurations = (
				69E39AA818ECF9A2002FC82C /* Debug */,
				69E39AA918ECF9A2002FC82C /* Release */,
			);
			defaultConfigurationIsVisible = 0;
			defaultConfigurationName = Release;
		};
		69E39AAA18ECF9A2002FC82C /* Build configuration list for PBXNativeTarget "1k" */ = {
			isa = XCConfigurationList;
			buildConfigurations = (
				69E39AAB18ECF9A2002FC82C /* Debug */,
				69E39AAC18ECF9A2002FC82C /* Release */,
			);
			defaultConfigurationIsVisible = 0;
			defaultConfigurationName = Release;
		};
		69E39AAD18ECF9A2002FC82C /* Build configuration list for PBXNativeTarget "1kTests" */ = {
			isa = XCConfigurationList;
			buildConfigurations = (
				69E39AAE18ECF9A2002FC82C /* Debug */,
				69E39AAF18ECF9A2002FC82C /* Release */,
			);
			defaultConfigurationIsVisible = 0;
			defaultConfigurationName = Release;
		};
/* End XCConfigurationList section */
	};
	rootObject = 69E39A7018ECF9A1002FC82C /* Project object */;
}
